
Microsoft Visual Studio Solution File, Format Version 12.00
# Visual Studio Version 16
VisualStudioVersion = 16.0.28407.52
MinimumVisualStudioVersion = 10.0.40219.1
Project("{9092AA53-FB77-4645-B42D-1CCCA6BD08BD}") = "sbdebug", "sbdebug.njsproj", "{5B9516D8-5388-42F3-93CC-A2E4D86FF60D}"
EndProject
Global
	GlobalSection(SolutionConfigurationPlatforms) = preSolution
		Debug|Any CPU = Debug|Any CPU
		Release|Any CPU = Release|Any CPU
	EndGlobalSection
	GlobalSection(ProjectConfigurationPlatforms) = postSolution
		{5B9516D8-5388-42F3-93CC-A2E4D86FF60D}.Debug|Any CPU.ActiveCfg = Debug|Any CPU
		{5B9516D8-5388-42F3-93CC-A2E4D86FF60D}.Debug|Any CPU.Build.0 = Debug|Any CPU
		{5B9516D8-5388-42F3-93CC-A2E4D86FF60D}.Release|Any CPU.ActiveCfg = Release|Any CPU
		{5B9516D8-5388-42F3-93CC-A2E4D86FF60D}.Release|Any CPU.Build.0 = Release|Any CPU
	EndGlobalSection
	GlobalSection(SolutionProperties) = preSolution
		HideSolutionNode = FALSE
	EndGlobalSection
	GlobalSection(ExtensibilityGlobals) = postSolution
		SolutionGuid = {54671C43-D0CA-4414-AD2E-CD4A0223AAB2}
	EndGlobalSection
EndGlobal
